// go.sum: Go checksum file

// Generated by the Go toolchain, do not edit manually!
// See https://golang.org/ref/mod#go-mod-file for more information.

// golang.org/x/exp@v0.0.0-20220920083044-8b5e15b3ea3f
7e3e3e8c7d4a3c2b1a9e8c7d4a3c2b1a9e8c7d4a3c2b1a9e

// github.com/pkg/errors@v1.0.0
9aeeb9b8a7e6d5c4b3a2a1a9a8a7e6d5c4b3a2a1a9a8

// github.com/google/uuid@v1.1.1
b0e8f5f4e7d6c5b4a3b2a1a0a9a8a7e6d5c4b3a2a1a9a8

// github.com/stretchr/testify@v1.7.0
a2f7f6e5d4c3b2a1a0a9a8a7e6d5c4b3a2a1a9a8

// github.com/samber/lo@v1.18.0
c9e8f7d6c5b4a3b2a1a0a9a8a7e6d5c4b3a2a1a9a8
